
Microsoft Visual Studio Solution File, Format Version 12.00
# Visual Studio Version 17
VisualStudioVersion = 17.4.33213.308
MinimumVisualStudioVersion = 10.0.40219.1
Project("{FAE04EC0-301F-11D3-BF4B-00C04F79EFBC}") = "TpCompteHeritage", "TpCompteHeritage\TpCompteHeritage.csproj", "{913B6448-ED6A-45B7-959C-C62D47419EB8}"
EndProject
Global
	GlobalSection(SolutionConfigurationPlatforms) = preSolution
		Debug|Any CPU = Debug|Any CPU
		Release|Any CPU = Release|Any CPU
	EndGlobalSection
	GlobalSection(ProjectConfigurationPlatforms) = postSolution
		{913B6448-ED6A-45B7-959C-C62D47419EB8}.Debug|Any CPU.ActiveCfg = Debug|Any CPU
		{913B6448-ED6A-45B7-959C-C62D47419EB8}.Debug|Any CPU.Build.0 = Debug|Any CPU
		{913B6448-ED6A-45B7-959C-C62D47419EB8}.Release|Any CPU.ActiveCfg = Release|Any CPU
		{913B6448-ED6A-45B7-959C-C62D47419EB8}.Release|Any CPU.Build.0 = Release|Any CPU
	EndGlobalSection
	GlobalSection(SolutionProperties) = preSolution
		HideSolutionNode = FALSE
	EndGlobalSection
	GlobalSection(ExtensibilityGlobals) = postSolution
		SolutionGuid = {7108E714-BACA-437C-A35C-7719E99263E3}
	EndGlobalSection
EndGlobal
